
Microsoft Visual Studio Solution File, Format Version 12.00
Project("{2150E333-8FDC-42A3-9474-1A3956D46DE8}") = "Server", "Server", "{4C8D8486-F2BE-46A2-A753-19BBD140DBB2}"
EndProject
Project("{FAE04EC0-301F-11D3-BF4B-00C04F79EFBC}") = "RepositoryContracts", "Server\RepositoryContracts\RepositoryContracts.csproj", "{7D818208-6311-4A11-A8C9-159576DC00BC}"
EndProject
Project("{FAE04EC0-301F-11D3-BF4B-00C04F79EFBC}") = "Entities", "Server\Entities\Entities.csproj", "{1C7E514E-5170-4BCB-A1C7-3E846C799BB0}"
EndProject
Project("{FAE04EC0-301F-11D3-BF4B-00C04F79EFBC}") = "InMemoryRepositories", "Server\InMemoryRepositories\InMemoryRepositories.csproj", "{FCFA4863-85F2-463F-9D7E-BE59C2BAA6F5}"
EndProject
Project("{FAE04EC0-301F-11D3-BF4B-00C04F79EFBC}") = "CLI", "Server\CLI\CLI.csproj", "{7494CD97-B22F-4CAA-85DC-E2135F69CC3C}"
EndProject
Global
	GlobalSection(SolutionConfigurationPlatforms) = preSolution
		Debug|Any CPU = Debug|Any CPU
		Release|Any CPU = Release|Any CPU
	EndGlobalSection
	GlobalSection(NestedProjects) = preSolution
		{7D818208-6311-4A11-A8C9-159576DC00BC} = {4C8D8486-F2BE-46A2-A753-19BBD140DBB2}
		{1C7E514E-5170-4BCB-A1C7-3E846C799BB0} = {4C8D8486-F2BE-46A2-A753-19BBD140DBB2}
		{FCFA4863-85F2-463F-9D7E-BE59C2BAA6F5} = {4C8D8486-F2BE-46A2-A753-19BBD140DBB2}
		{7494CD97-B22F-4CAA-85DC-E2135F69CC3C} = {4C8D8486-F2BE-46A2-A753-19BBD140DBB2}
	EndGlobalSection
	GlobalSection(ProjectConfigurationPlatforms) = postSolution
		{7D818208-6311-4A11-A8C9-159576DC00BC}.Debug|Any CPU.ActiveCfg = Debug|Any CPU
		{7D818208-6311-4A11-A8C9-159576DC00BC}.Debug|Any CPU.Build.0 = Debug|Any CPU
		{7D818208-6311-4A11-A8C9-159576DC00BC}.Release|Any CPU.ActiveCfg = Release|Any CPU
		{7D818208-6311-4A11-A8C9-159576DC00BC}.Release|Any CPU.Build.0 = Release|Any CPU
		{1C7E514E-5170-4BCB-A1C7-3E846C799BB0}.Debug|Any CPU.ActiveCfg = Debug|Any CPU
		{1C7E514E-5170-4BCB-A1C7-3E846C799BB0}.Debug|Any CPU.Build.0 = Debug|Any CPU
		{1C7E514E-5170-4BCB-A1C7-3E846C799BB0}.Release|Any CPU.ActiveCfg = Release|Any CPU
		{1C7E514E-5170-4BCB-A1C7-3E846C799BB0}.Release|Any CPU.Build.0 = Release|Any CPU
		{FCFA4863-85F2-463F-9D7E-BE59C2BAA6F5}.Debug|Any CPU.ActiveCfg = Debug|Any CPU
		{FCFA4863-85F2-463F-9D7E-BE59C2BAA6F5}.Debug|Any CPU.Build.0 = Debug|Any CPU
		{FCFA4863-85F2-463F-9D7E-BE59C2BAA6F5}.Release|Any CPU.ActiveCfg = Release|Any CPU
		{FCFA4863-85F2-463F-9D7E-BE59C2BAA6F5}.Release|Any CPU.Build.0 = Release|Any CPU
		{7494CD97-B22F-4CAA-85DC-E2135F69CC3C}.Debug|Any CPU.ActiveCfg = Debug|Any CPU
		{7494CD97-B22F-4CAA-85DC-E2135F69CC3C}.Debug|Any CPU.Build.0 = Debug|Any CPU
		{7494CD97-B22F-4CAA-85DC-E2135F69CC3C}.Release|Any CPU.ActiveCfg = Release|Any CPU
		{7494CD97-B22F-4CAA-85DC-E2135F69CC3C}.Release|Any CPU.Build.0 = Release|Any CPU
	EndGlobalSection
EndGlobal
